
Microsoft Visual Studio Solution File, Format Version 12.00
# Visual Studio Version 17
VisualStudioVersion = 17.14.37012.4 d17.14
MinimumVisualStudioVersion = 10.0.40219.1
Project("{FAE04EC0-301F-11D3-BF4B-00C04F79EFBC}") = "Flex layout stuff", "Flex layout stuff\Flex layout stuff.csproj", "{E4E350A3-1152-4601-9CE6-CF3CED5954B2}"
EndProject
Global
	GlobalSection(SolutionConfigurationPlatforms) = preSolution
		Debug|Any CPU = Debug|Any CPU
		Release|Any CPU = Release|Any CPU
	EndGlobalSection
	GlobalSection(ProjectConfigurationPlatforms) = postSolution
		{E4E350A3-1152-4601-9CE6-CF3CED5954B2}.Debug|Any CPU.ActiveCfg = Debug|Any CPU
		{E4E350A3-1152-4601-9CE6-CF3CED5954B2}.Debug|Any CPU.Build.0 = Debug|Any CPU
		{E4E350A3-1152-4601-9CE6-CF3CED5954B2}.Release|Any CPU.ActiveCfg = Release|Any CPU
		{E4E350A3-1152-4601-9CE6-CF3CED5954B2}.Release|Any CPU.Build.0 = Release|Any CPU
	EndGlobalSection
	GlobalSection(SolutionProperties) = preSolution
		HideSolutionNode = FALSE
	EndGlobalSection
	GlobalSection(ExtensibilityGlobals) = postSolution
		SolutionGuid = {2AC49AF5-CA8A-4445-A494-9EF73C0C3003}
	EndGlobalSection
EndGlobal
